
Microsoft Visual Studio Solution File, Format Version 12.00
# Visual Studio Version 17
VisualStudioVersion = 17.11.35312.102
MinimumVisualStudioVersion = 10.0.40219.1
Project("{9A19103F-16F7-4668-BE54-9A1E7A4F7556}") = "LoginApi", "LoginApi\LoginApi.csproj", "{5567BEF1-7FC5-4D6B-8512-E802AFE65BC8}"
EndProject
Project("{2150E333-8FDC-42A3-9474-1A3956D46DE8}") = "Solution Items", "Solution Items", "{20ADDF7D-DF37-4A9E-A79A-CDF107AB3EC4}"
	ProjectSection(SolutionItems) = preProject
		.gitignore = .gitignore
		docker-compose.yml = docker-compose.yml
		mysecret.txt = mysecret.txt
	EndProjectSection
EndProject
Project("{9A19103F-16F7-4668-BE54-9A1E7A4F7556}") = "GameServerAPI", "GameServerAPI\GameServerAPI.csproj", "{0C66CD1F-5DFF-4286-815B-61F33E210793}"
EndProject
Project("{9A19103F-16F7-4668-BE54-9A1E7A4F7556}") = "Client", "Client\Client.csproj", "{21328201-9CA1-49AD-B3B2-BEF147F9B133}"
EndProject
Project("{9A19103F-16F7-4668-BE54-9A1E7A4F7556}") = "ChatApi", "ChatApi\ChatApi.csproj", "{875B5F9B-BCEF-4448-A7A1-3CB929259C6E}"
EndProject
Project("{9A19103F-16F7-4668-BE54-9A1E7A4F7556}") = "MainGameServer", "MainGameServer\MainGameServer.csproj", "{E70F2ECF-A64A-4B62-973F-D14073C68860}"
<<<<<<< Updated upstream
EndProject
Project("{FAE04EC0-301F-11D3-BF4B-00C04F79EFBC}") = "Test_LoginApi", "Test_LoginApi\Test_LoginApi.csproj", "{73735B2C-42EB-48B1-A8B1-40B95FA51D42}"
=======
>>>>>>> Stashed changes
EndProject
Global
	GlobalSection(SolutionConfigurationPlatforms) = preSolution
		Debug|Any CPU = Debug|Any CPU
		Release|Any CPU = Release|Any CPU
	EndGlobalSection
	GlobalSection(ProjectConfigurationPlatforms) = postSolution
		{5567BEF1-7FC5-4D6B-8512-E802AFE65BC8}.Debug|Any CPU.ActiveCfg = Debug|Any CPU
		{5567BEF1-7FC5-4D6B-8512-E802AFE65BC8}.Debug|Any CPU.Build.0 = Debug|Any CPU
		{5567BEF1-7FC5-4D6B-8512-E802AFE65BC8}.Release|Any CPU.ActiveCfg = Release|Any CPU
		{5567BEF1-7FC5-4D6B-8512-E802AFE65BC8}.Release|Any CPU.Build.0 = Release|Any CPU
		{0C66CD1F-5DFF-4286-815B-61F33E210793}.Debug|Any CPU.ActiveCfg = Debug|Any CPU
		{0C66CD1F-5DFF-4286-815B-61F33E210793}.Debug|Any CPU.Build.0 = Debug|Any CPU
		{0C66CD1F-5DFF-4286-815B-61F33E210793}.Release|Any CPU.ActiveCfg = Release|Any CPU
		{0C66CD1F-5DFF-4286-815B-61F33E210793}.Release|Any CPU.Build.0 = Release|Any CPU
		{21328201-9CA1-49AD-B3B2-BEF147F9B133}.Debug|Any CPU.ActiveCfg = Debug|Any CPU
		{21328201-9CA1-49AD-B3B2-BEF147F9B133}.Debug|Any CPU.Build.0 = Debug|Any CPU
		{21328201-9CA1-49AD-B3B2-BEF147F9B133}.Release|Any CPU.ActiveCfg = Release|Any CPU
		{21328201-9CA1-49AD-B3B2-BEF147F9B133}.Release|Any CPU.Build.0 = Release|Any CPU
		{875B5F9B-BCEF-4448-A7A1-3CB929259C6E}.Debug|Any CPU.ActiveCfg = Debug|Any CPU
		{875B5F9B-BCEF-4448-A7A1-3CB929259C6E}.Debug|Any CPU.Build.0 = Debug|Any CPU
		{875B5F9B-BCEF-4448-A7A1-3CB929259C6E}.Release|Any CPU.ActiveCfg = Release|Any CPU
		{875B5F9B-BCEF-4448-A7A1-3CB929259C6E}.Release|Any CPU.Build.0 = Release|Any CPU
		{E70F2ECF-A64A-4B62-973F-D14073C68860}.Debug|Any CPU.ActiveCfg = Debug|Any CPU
		{E70F2ECF-A64A-4B62-973F-D14073C68860}.Debug|Any CPU.Build.0 = Debug|Any CPU
		{E70F2ECF-A64A-4B62-973F-D14073C68860}.Release|Any CPU.ActiveCfg = Release|Any CPU
		{E70F2ECF-A64A-4B62-973F-D14073C68860}.Release|Any CPU.Build.0 = Release|Any CPU
		{73735B2C-42EB-48B1-A8B1-40B95FA51D42}.Debug|Any CPU.ActiveCfg = Debug|Any CPU
		{73735B2C-42EB-48B1-A8B1-40B95FA51D42}.Debug|Any CPU.Build.0 = Debug|Any CPU
		{73735B2C-42EB-48B1-A8B1-40B95FA51D42}.Release|Any CPU.ActiveCfg = Release|Any CPU
		{73735B2C-42EB-48B1-A8B1-40B95FA51D42}.Release|Any CPU.Build.0 = Release|Any CPU
	EndGlobalSection
	GlobalSection(SolutionProperties) = preSolution
		HideSolutionNode = FALSE
	EndGlobalSection
	GlobalSection(ExtensibilityGlobals) = postSolution
		SolutionGuid = {D64B2F01-CB1F-4391-AE99-2C6E80AC50A4}
	EndGlobalSection
EndGlobal
